
Microsoft Visual Studio Solution File, Format Version 12.00
# Visual Studio Version 17
VisualStudioVersion = 17.14.36221.1 d17.14
MinimumVisualStudioVersion = 10.0.40219.1
Project("{FAE04EC0-301F-11D3-BF4B-00C04F79EFBC}") = "Todo.Api", "Todo.Api\Todo.Api.csproj", "{7102F93C-FD44-442A-A97E-C7CC814A0422}"
EndProject
Project("{FAE04EC0-301F-11D3-BF4B-00C04F79EFBC}") = "Todo.Core", "Todo.Core\Todo.Core.csproj", "{D52BBCDC-07AD-42D7-9148-6A1EA2617AB5}"
EndProject
Global
	GlobalSection(SolutionConfigurationPlatforms) = preSolution
		Debug|Any CPU = Debug|Any CPU
		Release|Any CPU = Release|Any CPU
	EndGlobalSection
	GlobalSection(ProjectConfigurationPlatforms) = postSolution
		{7102F93C-FD44-442A-A97E-C7CC814A0422}.Debug|Any CPU.ActiveCfg = Debug|Any CPU
		{7102F93C-FD44-442A-A97E-C7CC814A0422}.Debug|Any CPU.Build.0 = Debug|Any CPU
		{7102F93C-FD44-442A-A97E-C7CC814A0422}.Release|Any CPU.ActiveCfg = Release|Any CPU
		{7102F93C-FD44-442A-A97E-C7CC814A0422}.Release|Any CPU.Build.0 = Release|Any CPU
		{D52BBCDC-07AD-42D7-9148-6A1EA2617AB5}.Debug|Any CPU.ActiveCfg = Debug|Any CPU
		{D52BBCDC-07AD-42D7-9148-6A1EA2617AB5}.Debug|Any CPU.Build.0 = Debug|Any CPU
		{D52BBCDC-07AD-42D7-9148-6A1EA2617AB5}.Release|Any CPU.ActiveCfg = Release|Any CPU
		{D52BBCDC-07AD-42D7-9148-6A1EA2617AB5}.Release|Any CPU.Build.0 = Release|Any CPU
	EndGlobalSection
	GlobalSection(SolutionProperties) = preSolution
		HideSolutionNode = FALSE
	EndGlobalSection
	GlobalSection(ExtensibilityGlobals) = postSolution
		SolutionGuid = {9F9CC571-5B3C-483D-A3C0-962377F1FE61}
	EndGlobalSection
EndGlobal
