
Microsoft Visual Studio Solution File, Format Version 12.00
# Visual Studio Version 17
VisualStudioVersion = 17.14.36221.1
MinimumVisualStudioVersion = 10.0.40219.1
Project("{FAE04EC0-301F-11D3-BF4B-00C04F79EFBC}") = "Model", "Model\Model.csproj", "{D52BBCDC-07AD-42D7-9148-6A1EA2617AB5}"
EndProject
Project("{FAE04EC0-301F-11D3-BF4B-00C04F79EFBC}") = "Repository", "Repository\Repository.csproj", "{FE323097-0BB5-400F-B9AE-4311FA7195D1}"
EndProject
Project("{FAE04EC0-301F-11D3-BF4B-00C04F79EFBC}") = "Host", "Host\Host.csproj", "{2B035C6D-B1A6-4B75-BE95-A62AD17CF17E}"
EndProject
Project("{FAE04EC0-301F-11D3-BF4B-00C04F79EFBC}") = "Model.Tests", "Model.Tests\Model.Tests.csproj", "{44574E82-6015-4D96-9187-B2BB2388D956}"
EndProject
Project("{FAE04EC0-301F-11D3-BF4B-00C04F79EFBC}") = "Host.Tests", "Host.Tests\Host.Tests.csproj", "{84721489-65B8-4DF4-A4D8-0E22DC8B4194}"
EndProject
Project("{FAE04EC0-301F-11D3-BF4B-00C04F79EFBC}") = "Repository.Tests", "Repository.Tests\Repository.Tests.csproj", "{D8FFDEF9-62AB-46DB-AD86-96E6B0FFCE5C}"
EndProject
Global
	GlobalSection(SolutionConfigurationPlatforms) = preSolution
		Debug|Any CPU = Debug|Any CPU
		Release|Any CPU = Release|Any CPU
	EndGlobalSection
	GlobalSection(ProjectConfigurationPlatforms) = postSolution
		{D52BBCDC-07AD-42D7-9148-6A1EA2617AB5}.Debug|Any CPU.ActiveCfg = Debug|Any CPU
		{D52BBCDC-07AD-42D7-9148-6A1EA2617AB5}.Debug|Any CPU.Build.0 = Debug|Any CPU
		{D52BBCDC-07AD-42D7-9148-6A1EA2617AB5}.Release|Any CPU.ActiveCfg = Release|Any CPU
		{D52BBCDC-07AD-42D7-9148-6A1EA2617AB5}.Release|Any CPU.Build.0 = Release|Any CPU
		{FE323097-0BB5-400F-B9AE-4311FA7195D1}.Debug|Any CPU.ActiveCfg = Debug|Any CPU
		{FE323097-0BB5-400F-B9AE-4311FA7195D1}.Debug|Any CPU.Build.0 = Debug|Any CPU
		{FE323097-0BB5-400F-B9AE-4311FA7195D1}.Release|Any CPU.ActiveCfg = Release|Any CPU
		{FE323097-0BB5-400F-B9AE-4311FA7195D1}.Release|Any CPU.Build.0 = Release|Any CPU
		{2B035C6D-B1A6-4B75-BE95-A62AD17CF17E}.Debug|Any CPU.ActiveCfg = Debug|Any CPU
		{2B035C6D-B1A6-4B75-BE95-A62AD17CF17E}.Debug|Any CPU.Build.0 = Debug|Any CPU
		{2B035C6D-B1A6-4B75-BE95-A62AD17CF17E}.Release|Any CPU.ActiveCfg = Release|Any CPU
		{2B035C6D-B1A6-4B75-BE95-A62AD17CF17E}.Release|Any CPU.Build.0 = Release|Any CPU
		{44574E82-6015-4D96-9187-B2BB2388D956}.Debug|Any CPU.ActiveCfg = Debug|Any CPU
		{44574E82-6015-4D96-9187-B2BB2388D956}.Debug|Any CPU.Build.0 = Debug|Any CPU
		{44574E82-6015-4D96-9187-B2BB2388D956}.Release|Any CPU.ActiveCfg = Release|Any CPU
		{44574E82-6015-4D96-9187-B2BB2388D956}.Release|Any CPU.Build.0 = Release|Any CPU
		{84721489-65B8-4DF4-A4D8-0E22DC8B4194}.Debug|Any CPU.ActiveCfg = Debug|Any CPU
		{84721489-65B8-4DF4-A4D8-0E22DC8B4194}.Debug|Any CPU.Build.0 = Debug|Any CPU
		{84721489-65B8-4DF4-A4D8-0E22DC8B4194}.Release|Any CPU.ActiveCfg = Release|Any CPU
		{84721489-65B8-4DF4-A4D8-0E22DC8B4194}.Release|Any CPU.Build.0 = Release|Any CPU
		{D8FFDEF9-62AB-46DB-AD86-96E6B0FFCE5C}.Debug|Any CPU.ActiveCfg = Debug|Any CPU
		{D8FFDEF9-62AB-46DB-AD86-96E6B0FFCE5C}.Debug|Any CPU.Build.0 = Debug|Any CPU
		{D8FFDEF9-62AB-46DB-AD86-96E6B0FFCE5C}.Release|Any CPU.ActiveCfg = Release|Any CPU
		{D8FFDEF9-62AB-46DB-AD86-96E6B0FFCE5C}.Release|Any CPU.Build.0 = Release|Any CPU
	EndGlobalSection
	GlobalSection(SolutionProperties) = preSolution
		HideSolutionNode = FALSE
	EndGlobalSection
	GlobalSection(ExtensibilityGlobals) = postSolution
		SolutionGuid = {9F9CC571-5B3C-483D-A3C0-962377F1FE61}
	EndGlobalSection
EndGlobal
